
Microsoft Visual Studio Solution File, Format Version 12.00
# Visual Studio Version 16
VisualStudioVersion = 16.0.28803.584
MinimumVisualStudioVersion = 10.0.40219.1
Project("{FAE04EC0-301F-11D3-BF4B-00C04F79EFBC}") = "ElectionMobileApp.Android", "ElectionMobileApp\ElectionMobileApp.Android\ElectionMobileApp.Android.csproj", "{0D4C52F9-B535-449D-AB10-13336084CCF8}"
EndProject
Project("{FAE04EC0-301F-11D3-BF4B-00C04F79EFBC}") = "ElectionMobileApp.iOS", "ElectionMobileApp\ElectionMobileApp.iOS\ElectionMobileApp.iOS.csproj", "{6491E440-DB13-457B-BAFA-43F97BE5D68C}"
EndProject
Project("{FAE04EC0-301F-11D3-BF4B-00C04F79EFBC}") = "ElectionMobileApp", "ElectionMobileApp\ElectionMobileApp\ElectionMobileApp.csproj", "{88B5273B-5645-4254-B509-2117549E1217}"
EndProject
Global
	GlobalSection(SolutionConfigurationPlatforms) = preSolution
		Debug|Any CPU = Debug|Any CPU
		Debug|iPhone = Debug|iPhone
		Debug|iPhoneSimulator = Debug|iPhoneSimulator
		Release|Any CPU = Release|Any CPU
		Release|iPhone = Release|iPhone
		Release|iPhoneSimulator = Release|iPhoneSimulator
	EndGlobalSection
	GlobalSection(ProjectConfigurationPlatforms) = postSolution
		{0D4C52F9-B535-449D-AB10-13336084CCF8}.Debug|Any CPU.ActiveCfg = Debug|Any CPU
		{0D4C52F9-B535-449D-AB10-13336084CCF8}.Debug|Any CPU.Build.0 = Debug|Any CPU
		{0D4C52F9-B535-449D-AB10-13336084CCF8}.Debug|Any CPU.Deploy.0 = Debug|Any CPU
		{0D4C52F9-B535-449D-AB10-13336084CCF8}.Debug|iPhone.ActiveCfg = Debug|Any CPU
		{0D4C52F9-B535-449D-AB10-13336084CCF8}.Debug|iPhone.Build.0 = Debug|Any CPU
		{0D4C52F9-B535-449D-AB10-13336084CCF8}.Debug|iPhone.Deploy.0 = Debug|Any CPU
		{0D4C52F9-B535-449D-AB10-13336084CCF8}.Debug|iPhoneSimulator.ActiveCfg = Debug|Any CPU
		{0D4C52F9-B535-449D-AB10-13336084CCF8}.Debug|iPhoneSimulator.Build.0 = Debug|Any CPU
		{0D4C52F9-B535-449D-AB10-13336084CCF8}.Debug|iPhoneSimulator.Deploy.0 = Debug|Any CPU
		{0D4C52F9-B535-449D-AB10-13336084CCF8}.Release|Any CPU.ActiveCfg = Release|Any CPU
		{0D4C52F9-B535-449D-AB10-13336084CCF8}.Release|Any CPU.Build.0 = Release|Any CPU
		{0D4C52F9-B535-449D-AB10-13336084CCF8}.Release|Any CPU.Deploy.0 = Release|Any CPU
		{0D4C52F9-B535-449D-AB10-13336084CCF8}.Release|iPhone.ActiveCfg = Release|Any CPU
		{0D4C52F9-B535-449D-AB10-13336084CCF8}.Release|iPhone.Build.0 = Release|Any CPU
		{0D4C52F9-B535-449D-AB10-13336084CCF8}.Release|iPhone.Deploy.0 = Release|Any CPU
		{0D4C52F9-B535-449D-AB10-13336084CCF8}.Release|iPhoneSimulator.ActiveCfg = Release|Any CPU
		{0D4C52F9-B535-449D-AB10-13336084CCF8}.Release|iPhoneSimulator.Build.0 = Release|Any CPU
		{0D4C52F9-B535-449D-AB10-13336084CCF8}.Release|iPhoneSimulator.Deploy.0 = Release|Any CPU
		{6491E440-DB13-457B-BAFA-43F97BE5D68C}.Debug|Any CPU.ActiveCfg = Debug|iPhoneSimulator
		{6491E440-DB13-457B-BAFA-43F97BE5D68C}.Debug|Any CPU.Build.0 = Debug|iPhoneSimulator
		{6491E440-DB13-457B-BAFA-43F97BE5D68C}.Debug|Any CPU.Deploy.0 = Debug|iPhoneSimulator
		{6491E440-DB13-457B-BAFA-43F97BE5D68C}.Debug|iPhone.ActiveCfg = Debug|iPhone
		{6491E440-DB13-457B-BAFA-43F97BE5D68C}.Debug|iPhone.Build.0 = Debug|iPhone
		{6491E440-DB13-457B-BAFA-43F97BE5D68C}.Debug|iPhone.Deploy.0 = Debug|iPhone
		{6491E440-DB13-457B-BAFA-43F97BE5D68C}.Debug|iPhoneSimulator.ActiveCfg = Debug|iPhoneSimulator
		{6491E440-DB13-457B-BAFA-43F97BE5D68C}.Debug|iPhoneSimulator.Build.0 = Debug|iPhoneSimulator
		{6491E440-DB13-457B-BAFA-43F97BE5D68C}.Debug|iPhoneSimulator.Deploy.0 = Debug|iPhoneSimulator
		{6491E440-DB13-457B-BAFA-43F97BE5D68C}.Release|Any CPU.ActiveCfg = Release|iPhone
		{6491E440-DB13-457B-BAFA-43F97BE5D68C}.Release|Any CPU.Build.0 = Release|iPhone
		{6491E440-DB13-457B-BAFA-43F97BE5D68C}.Release|Any CPU.Deploy.0 = Release|iPhone
		{6491E440-DB13-457B-BAFA-43F97BE5D68C}.Release|iPhone.ActiveCfg = Release|iPhone
		{6491E440-DB13-457B-BAFA-43F97BE5D68C}.Release|iPhone.Build.0 = Release|iPhone
		{6491E440-DB13-457B-BAFA-43F97BE5D68C}.Release|iPhone.Deploy.0 = Release|iPhone
		{6491E440-DB13-457B-BAFA-43F97BE5D68C}.Release|iPhoneSimulator.ActiveCfg = Release|iPhoneSimulator
		{6491E440-DB13-457B-BAFA-43F97BE5D68C}.Release|iPhoneSimulator.Build.0 = Release|iPhoneSimulator
		{6491E440-DB13-457B-BAFA-43F97BE5D68C}.Release|iPhoneSimulator.Deploy.0 = Release|iPhoneSimulator
		{88B5273B-5645-4254-B509-2117549E1217}.Debug|Any CPU.ActiveCfg = Debug|Any CPU
		{88B5273B-5645-4254-B509-2117549E1217}.Debug|Any CPU.Build.0 = Debug|Any CPU
		{88B5273B-5645-4254-B509-2117549E1217}.Debug|Any CPU.Deploy.0 = Debug|Any CPU
		{88B5273B-5645-4254-B509-2117549E1217}.Debug|iPhone.ActiveCfg = Debug|Any CPU
		{88B5273B-5645-4254-B509-2117549E1217}.Debug|iPhone.Build.0 = Debug|Any CPU
		{88B5273B-5645-4254-B509-2117549E1217}.Debug|iPhone.Deploy.0 = Debug|Any CPU
		{88B5273B-5645-4254-B509-2117549E1217}.Debug|iPhoneSimulator.ActiveCfg = Debug|Any CPU
		{88B5273B-5645-4254-B509-2117549E1217}.Debug|iPhoneSimulator.Build.0 = Debug|Any CPU
		{88B5273B-5645-4254-B509-2117549E1217}.Debug|iPhoneSimulator.Deploy.0 = Debug|Any CPU
		{88B5273B-5645-4254-B509-2117549E1217}.Release|Any CPU.ActiveCfg = Release|Any CPU
		{88B5273B-5645-4254-B509-2117549E1217}.Release|Any CPU.Build.0 = Release|Any CPU
		{88B5273B-5645-4254-B509-2117549E1217}.Release|Any CPU.Deploy.0 = Release|Any CPU
		{88B5273B-5645-4254-B509-2117549E1217}.Release|iPhone.ActiveCfg = Release|Any CPU
		{88B5273B-5645-4254-B509-2117549E1217}.Release|iPhone.Build.0 = Release|Any CPU
		{88B5273B-5645-4254-B509-2117549E1217}.Release|iPhone.Deploy.0 = Release|Any CPU
		{88B5273B-5645-4254-B509-2117549E1217}.Release|iPhoneSimulator.ActiveCfg = Release|Any CPU
		{88B5273B-5645-4254-B509-2117549E1217}.Release|iPhoneSimulator.Build.0 = Release|Any CPU
		{88B5273B-5645-4254-B509-2117549E1217}.Release|iPhoneSimulator.Deploy.0 = Release|Any CPU
	EndGlobalSection
	GlobalSection(SolutionProperties) = preSolution
		HideSolutionNode = FALSE
	EndGlobalSection
	GlobalSection(ExtensibilityGlobals) = postSolution
		SolutionGuid = {557E0B09-BB4D-4587-8B4A-7F3FA28E9161}
	EndGlobalSection
EndGlobal
